<?xml version="1.0" encoding="UTF-8"?>
<CodeBlocks_project_file>
	<FileVersion major="1" minor="6"/>
	<Project>
		<Option title="particle"/>
		<Option makefile_is_custom="1"/>
		<Option compiler="gcc"/>
		<Option virtualFolders="CMake Files\;CMake Files\..\;CMake Files\..\..\;CMake Files\..\..\..\;CMake Files\..\..\..\..\;CMake Files\..\..\..\..\..\;CMake Files\..\..\..\..\..\..\;CMake Files\..\..\..\..\..\..\..\;CMake Files\..\..\..\..\..\..\..\..\;CMake Files\..\..\..\..\..\..\..\..\usr\;CMake Files\..\..\..\..\..\..\..\..\usr\lib\;CMake Files\..\..\..\..\..\..\..\..\usr\lib\cmake\;CMake Files\..\..\..\..\..\..\..\..\usr\lib\cmake\glm\;"/>
		<Build>
			<Target title="all">
				<Option working_dir="/home/thoniorf/Documents/Projects/Unical/gpgpu/final-exercises/particle"/>
				<Option type="4"/>
				<MakeCommands>
					<Build command="/usr/bin/make -j4 -f &quot;/home/thoniorf/Documents/Projects/Unical/gpgpu/final-exercises/particle/Makefile&quot;  VERBOSE=1 all"/>
					<CompileFile command="/usr/bin/make -j4 -f &quot;/home/thoniorf/Documents/Projects/Unical/gpgpu/final-exercises/particle/Makefile&quot;  VERBOSE=1 &quot;$file&quot;"/>
					<Clean command="/usr/bin/make -j4 -f &quot;/home/thoniorf/Documents/Projects/Unical/gpgpu/final-exercises/particle/Makefile&quot;  VERBOSE=1 clean"/>
					<DistClean command="/usr/bin/make -j4 -f &quot;/home/thoniorf/Documents/Projects/Unical/gpgpu/final-exercises/particle/Makefile&quot;  VERBOSE=1 clean"/>
				</MakeCommands>
			</Target>
			<Target title="edit_cache">
				<Option working_dir="/home/thoniorf/Documents/Projects/Unical/gpgpu/final-exercises/particle"/>
				<Option type="4"/>
				<MakeCommands>
					<Build command="/usr/bin/make -j4 -f &quot;/home/thoniorf/Documents/Projects/Unical/gpgpu/final-exercises/particle/Makefile&quot;  VERBOSE=1 edit_cache"/>
					<CompileFile command="/usr/bin/make -j4 -f &quot;/home/thoniorf/Documents/Projects/Unical/gpgpu/final-exercises/particle/Makefile&quot;  VERBOSE=1 &quot;$file&quot;"/>
					<Clean command="/usr/bin/make -j4 -f &quot;/home/thoniorf/Documents/Projects/Unical/gpgpu/final-exercises/particle/Makefile&quot;  VERBOSE=1 clean"/>
					<DistClean command="/usr/bin/make -j4 -f &quot;/home/thoniorf/Documents/Projects/Unical/gpgpu/final-exercises/particle/Makefile&quot;  VERBOSE=1 clean"/>
				</MakeCommands>
			</Target>
			<Target title="rebuild_cache">
				<Option working_dir="/home/thoniorf/Documents/Projects/Unical/gpgpu/final-exercises/particle"/>
				<Option type="4"/>
				<MakeCommands>
					<Build command="/usr/bin/make -j4 -f &quot;/home/thoniorf/Documents/Projects/Unical/gpgpu/final-exercises/particle/Makefile&quot;  VERBOSE=1 rebuild_cache"/>
					<CompileFile command="/usr/bin/make -j4 -f &quot;/home/thoniorf/Documents/Projects/Unical/gpgpu/final-exercises/particle/Makefile&quot;  VERBOSE=1 &quot;$file&quot;"/>
					<Clean command="/usr/bin/make -j4 -f &quot;/home/thoniorf/Documents/Projects/Unical/gpgpu/final-exercises/particle/Makefile&quot;  VERBOSE=1 clean"/>
					<DistClean command="/usr/bin/make -j4 -f &quot;/home/thoniorf/Documents/Projects/Unical/gpgpu/final-exercises/particle/Makefile&quot;  VERBOSE=1 clean"/>
				</MakeCommands>
			</Target>
			<Target title="particle">
				<Option output="/home/thoniorf/Documents/Projects/Unical/gpgpu/final-exercises/particle/particle" prefix_auto="0" extension_auto="0"/>
				<Option working_dir="/home/thoniorf/Documents/Projects/Unical/gpgpu/final-exercises/particle"/>
				<Option object_output="./"/>
				<Option type="1"/>
				<Option compiler="gcc"/>
				<Compiler>
					<Add directory="/usr/local/include"/>
					<Add directory="/home/thoniorf/Documents/Projects/Unical/gpgpu/final-exercises/particle/models/sphere.obj"/>
					<Add directory="/usr/include/c++/6"/>
					<Add directory="/usr/include/x86_64-linux-gnu/c++/6"/>
					<Add directory="/usr/include/c++/6/backward"/>
					<Add directory="/usr/lib/gcc/x86_64-linux-gnu/6/include"/>
					<Add directory="/usr/lib/gcc/x86_64-linux-gnu/6/include-fixed"/>
					<Add directory="/usr/include/x86_64-linux-gnu"/>
					<Add directory="/usr/include"/>
				</Compiler>
				<MakeCommands>
					<Build command="/usr/bin/make -j4 -f &quot;/home/thoniorf/Documents/Projects/Unical/gpgpu/final-exercises/particle/Makefile&quot;  VERBOSE=1 particle"/>
					<CompileFile command="/usr/bin/make -j4 -f &quot;/home/thoniorf/Documents/Projects/Unical/gpgpu/final-exercises/particle/Makefile&quot;  VERBOSE=1 &quot;$file&quot;"/>
					<Clean command="/usr/bin/make -j4 -f &quot;/home/thoniorf/Documents/Projects/Unical/gpgpu/final-exercises/particle/Makefile&quot;  VERBOSE=1 clean"/>
					<DistClean command="/usr/bin/make -j4 -f &quot;/home/thoniorf/Documents/Projects/Unical/gpgpu/final-exercises/particle/Makefile&quot;  VERBOSE=1 clean"/>
				</MakeCommands>
			</Target>
			<Target title="particle/fast">
				<Option output="/home/thoniorf/Documents/Projects/Unical/gpgpu/final-exercises/particle/particle" prefix_auto="0" extension_auto="0"/>
				<Option working_dir="/home/thoniorf/Documents/Projects/Unical/gpgpu/final-exercises/particle"/>
				<Option object_output="./"/>
				<Option type="1"/>
				<Option compiler="gcc"/>
				<Compiler>
					<Add directory="/usr/local/include"/>
					<Add directory="/home/thoniorf/Documents/Projects/Unical/gpgpu/final-exercises/particle/models/sphere.obj"/>
					<Add directory="/usr/include/c++/6"/>
					<Add directory="/usr/include/x86_64-linux-gnu/c++/6"/>
					<Add directory="/usr/include/c++/6/backward"/>
					<Add directory="/usr/lib/gcc/x86_64-linux-gnu/6/include"/>
					<Add directory="/usr/lib/gcc/x86_64-linux-gnu/6/include-fixed"/>
					<Add directory="/usr/include/x86_64-linux-gnu"/>
					<Add directory="/usr/include"/>
				</Compiler>
				<MakeCommands>
					<Build command="/usr/bin/make -j4 -f &quot;/home/thoniorf/Documents/Projects/Unical/gpgpu/final-exercises/particle/Makefile&quot;  VERBOSE=1 particle/fast"/>
					<CompileFile command="/usr/bin/make -j4 -f &quot;/home/thoniorf/Documents/Projects/Unical/gpgpu/final-exercises/particle/Makefile&quot;  VERBOSE=1 &quot;$file&quot;"/>
					<Clean command="/usr/bin/make -j4 -f &quot;/home/thoniorf/Documents/Projects/Unical/gpgpu/final-exercises/particle/Makefile&quot;  VERBOSE=1 clean"/>
					<DistClean command="/usr/bin/make -j4 -f &quot;/home/thoniorf/Documents/Projects/Unical/gpgpu/final-exercises/particle/Makefile&quot;  VERBOSE=1 clean"/>
				</MakeCommands>
			</Target>
		</Build>
		<Unit filename="/home/thoniorf/Documents/Projects/Unical/gpgpu/final-exercises/particle/include/camera.h">
			<Option target="particle"/>
		</Unit>
		<Unit filename="/home/thoniorf/Documents/Projects/Unical/gpgpu/final-exercises/particle/include/mesh.h">
			<Option target="particle"/>
		</Unit>
		<Unit filename="/home/thoniorf/Documents/Projects/Unical/gpgpu/final-exercises/particle/include/model.h">
			<Option target="particle"/>
		</Unit>
		<Unit filename="/home/thoniorf/Documents/Projects/Unical/gpgpu/final-exercises/particle/include/shader.h">
			<Option target="particle"/>
		</Unit>
		<Unit filename="/home/thoniorf/Documents/Projects/Unical/gpgpu/final-exercises/particle/include/stb_image.h">
			<Option target="particle"/>
		</Unit>
		<Unit filename="/home/thoniorf/Documents/Projects/Unical/gpgpu/final-exercises/particle/particle.cpp">
			<Option target="particle"/>
		</Unit>
		<Unit filename="/home/thoniorf/Documents/Projects/Unical/gpgpu/final-exercises/particle/shaders/fragment_shader_little.frag">
			<Option target="particle"/>
		</Unit>
		<Unit filename="/home/thoniorf/Documents/Projects/Unical/gpgpu/final-exercises/particle/shaders/fragment_shader_sphere.frag">
			<Option target="particle"/>
		</Unit>
		<Unit filename="/home/thoniorf/Documents/Projects/Unical/gpgpu/final-exercises/particle/shaders/fragment_shader_wired.frag">
			<Option target="particle"/>
		</Unit>
		<Unit filename="/home/thoniorf/Documents/Projects/Unical/gpgpu/final-exercises/particle/shaders/vertex_shader.vert">
			<Option target="particle"/>
		</Unit>
		<Unit filename="/home/thoniorf/Documents/Projects/Unical/gpgpu/final-exercises/particle/shaders/vertex_shader_sphere.vert">
			<Option target="particle"/>
		</Unit>
		<Unit filename="/home/thoniorf/Documents/Projects/glad/src/glad.c">
			<Option target="particle"/>
		</Unit>
		<Unit filename="/home/thoniorf/Documents/Projects/Unical/gpgpu/final-exercises/particle/CMakeLists.txt">
			<Option virtualFolder="CMake Files\"/>
		</Unit>
		<Unit filename="/home/thoniorf/Documents/Projects/Unical/gpgpu/final-exercises/particle/../../../../../../../../usr/lib/cmake/glm/glmConfigVersion.cmake">
			<Option virtualFolder="CMake Files\..\..\..\..\..\..\..\..\usr\lib\cmake\glm\"/>
		</Unit>
		<Unit filename="/home/thoniorf/Documents/Projects/Unical/gpgpu/final-exercises/particle/../../../../../../../../usr/lib/cmake/glm/glmConfig.cmake">
			<Option virtualFolder="CMake Files\..\..\..\..\..\..\..\..\usr\lib\cmake\glm\"/>
		</Unit>
		<Unit filename="/home/thoniorf/Documents/Projects/Unical/gpgpu/final-exercises/particle/../../../../../../../../usr/lib/cmake/glm/glmTargets.cmake">
			<Option virtualFolder="CMake Files\..\..\..\..\..\..\..\..\usr\lib\cmake\glm\"/>
		</Unit>
	</Project>
</CodeBlocks_project_file>
